{
  "version": 3,
  "targets": {
    "net8.0": {
      "System.Speech/10.0.5": {
        "type": "package",
        "compile": {
          "lib/net8.0/System.Speech.dll": {
            "related": ".xml"
          }
        },
        "runtime": {
          "lib/net8.0/System.Speech.dll": {
            "related": ".xml"
          }
        },
        "build": {
          "buildTransitive/net8.0/_._": {}
        },
        "runtimeTargets": {
          "runtimes/win/lib/net8.0/System.Speech.dll": {
            "assetType": "runtime",
            "rid": "win"
          }
        }
      },
      "System.Windows.Extensions/10.0.5": {
        "type": "package",
        "compile": {
          "lib/net8.0/System.Windows.Extensions.dll": {
            "related": ".xml"
          }
        },
        "runtime": {
          "lib/net8.0/System.Windows.Extensions.dll": {
            "related": ".xml"
          }
        },
        "runtimeTargets": {
          "runtimes/win/lib/net8.0/System.Windows.Extensions.dll": {
            "assetType": "runtime",
            "rid": "win"
          }
        }
      }
    }
  },
  "libraries": {
    "System.Speech/10.0.5": {
      "sha512": "MYkGiMGWYc9rhyvsmf2UGIHD4RVJ3+uNgllFPP1YW6ILJJDXpDN8jMcy++0E/KrG507kTPCo5EOW4tEwUOCKhQ==",
      "type": "package",
      "path": "system.speech/10.0.5",
      "files": [
        ".nupkg.metadata",
        ".signature.p7s",
        "Icon.png",
        "PACKAGE.md",
        "THIRD-PARTY-NOTICES.TXT",
        "buildTransitive/net8.0/_._",
        "buildTransitive/netcoreapp2.0/System.Speech.targets",
        "lib/net10.0/System.Speech.dll",
        "lib/net10.0/System.Speech.xml",
        "lib/net462/_._",
        "lib/net8.0/System.Speech.dll",
        "lib/net8.0/System.Speech.xml",
        "lib/net9.0/System.Speech.dll",
        "lib/net9.0/System.Speech.xml",
        "lib/netstandard2.0/System.Speech.dll",
        "lib/netstandard2.0/System.Speech.xml",
        "runtimes/win/lib/net10.0/System.Speech.dll",
        "runtimes/win/lib/net10.0/System.Speech.xml",
        "runtimes/win/lib/net8.0/System.Speech.dll",
        "runtimes/win/lib/net8.0/System.Speech.xml",
        "runtimes/win/lib/net9.0/System.Speech.dll",
        "runtimes/win/lib/net9.0/System.Speech.xml",
        "system.speech.10.0.5.nupkg.sha512",
        "system.speech.nuspec",
        "useSharedDesignerContext.txt"
      ]
    },
    "System.Windows.Extensions/10.0.5": {
      "sha512": "5hVP2TIgEqqA590MnKmMN5+Fgzl6xBRjR1wbgC3M1znrZZJe63TwBPN+ymaMgwT0vjsiXk95AjMAe8SAhhJSTg==",
      "type": "package",
      "path": "system.windows.extensions/10.0.5",
      "files": [
        ".nupkg.metadata",
        ".signature.p7s",
        "Icon.png",
        "PACKAGE.md",
        "THIRD-PARTY-NOTICES.TXT",
        "lib/net10.0/System.Windows.Extensions.dll",
        "lib/net10.0/System.Windows.Extensions.xml",
        "lib/net8.0/System.Windows.Extensions.dll",
        "lib/net8.0/System.Windows.Extensions.xml",
        "lib/net9.0/System.Windows.Extensions.dll",
        "lib/net9.0/System.Windows.Extensions.xml",
        "runtimes/win/lib/net10.0/System.Windows.Extensions.dll",
        "runtimes/win/lib/net10.0/System.Windows.Extensions.xml",
        "runtimes/win/lib/net8.0/System.Windows.Extensions.dll",
        "runtimes/win/lib/net8.0/System.Windows.Extensions.xml",
        "runtimes/win/lib/net9.0/System.Windows.Extensions.dll",
        "runtimes/win/lib/net9.0/System.Windows.Extensions.xml",
        "system.windows.extensions.10.0.5.nupkg.sha512",
        "system.windows.extensions.nuspec",
        "useSharedDesignerContext.txt"
      ]
    }
  },
  "projectFileDependencyGroups": {
    "net8.0": [
      "System.Speech >= 10.0.5",
      "System.Windows.Extensions >= 10.0.5"
    ]
  },
  "packageFolders": {
    "C:\\Users\\azwin\\.nuget\\packages\\": {}
  },
  "project": {
    "version": "1.0.0",
    "restore": {
      "projectUniqueName": "C:\\Users\\azwin\\Downloads\\CyberSecurityBot_Fixed\\CyberSecurityBot.csproj",
      "projectName": "CyberSecurityBot",
      "projectPath": "C:\\Users\\azwin\\Downloads\\CyberSecurityBot_Fixed\\CyberSecurityBot.csproj",
      "packagesPath": "C:\\Users\\azwin\\.nuget\\packages\\",
      "outputPath": "C:\\Users\\azwin\\Downloads\\CyberSecurityBot_Fixed\\obj\\",
      "projectStyle": "PackageReference",
      "configFilePaths": [
        "C:\\Users\\azwin\\AppData\\Roaming\\NuGet\\NuGet.Config"
      ],
      "originalTargetFrameworks": [
        "net8.0"
      ],
      "sources": {
        "https://api.nuget.org/v3/index.json": {}
      },
      "frameworks": {
        "net8.0": {
          "targetAlias": "net8.0",
          "projectReferences": {}
        }
      },
      "warningProperties": {
        "warnAsError": [
          "NU1605"
        ]
      },
      "restoreAuditProperties": {
        "enableAudit": "true",
        "auditLevel": "low",
        "auditMode": "direct"
      },
      "SdkAnalysisLevel": "10.0.200"
    },
    "frameworks": {
      "net8.0": {
        "targetAlias": "net8.0",
        "dependencies": {
          "System.Speech": {
            "target": "Package",
            "version": "[10.0.5, )"
          },
          "System.Windows.Extensions": {
            "target": "Package",
            "version": "[10.0.5, )"
          }
        },
        "imports": [
          "net461",
          "net462",
          "net47",
          "net471",
          "net472",
          "net48",
          "net481"
        ],
        "assetTargetFallback": true,
        "warn": true,
        "downloadDependencies": [
          {
            "name": "Microsoft.AspNetCore.App.Ref",
            "version": "[8.0.25, 8.0.25]"
          },
          {
            "name": "Microsoft.NETCore.App.Host.win-x64",
            "version": "[8.0.25, 8.0.25]"
          },
          {
            "name": "Microsoft.NETCore.App.Ref",
            "version": "[8.0.25, 8.0.25]"
          },
          {
            "name": "Microsoft.WindowsDesktop.App.Ref",
            "version": "[8.0.25, 8.0.25]"
          }
        ],
        "frameworkReferences": {
          "Microsoft.NETCore.App": {
            "privateAssets": "all"
          }
        },
        "runtimeIdentifierGraphPath": "C:\\Program Files\\dotnet\\sdk\\10.0.200/PortableRuntimeIdentifierGraph.json"
      }
    }
  }
}